
Microsoft Visual Studio Solution File, Format Version 12.00
# Visual Studio Version 17
VisualStudioVersion = 17.0.31912.275
MinimumVisualStudioVersion = 10.0.40219.1
Project("{9A19103F-16F7-4668-BE54-9A1E7A4F7556}") = "IcyBot.Api", "IcyBot.Api\IcyBot.Api.csproj", "{BE306B0F-53D3-4621-A14B-8442AEC514BF}"
EndProject
Project("{9A19103F-16F7-4668-BE54-9A1E7A4F7556}") = "IcyBot.Console", "IcyBot.Console\IcyBot.Console.csproj", "{B87B1DE3-6C31-44F7-83A9-B72E5E9BC4B7}"
EndProject
Project("{FAE04EC0-301F-11D3-BF4B-00C04F79EFBC}") = "IcyBot.Logic", "IcyBot.Logic\IcyBot.Logic.csproj", "{D8ABDBD2-943B-434E-B27B-83D44ACC8857}"
EndProject
Global
	GlobalSection(SolutionConfigurationPlatforms) = preSolution
		Debug|Any CPU = Debug|Any CPU
		Release|Any CPU = Release|Any CPU
	EndGlobalSection
	GlobalSection(ProjectConfigurationPlatforms) = postSolution
		{BE306B0F-53D3-4621-A14B-8442AEC514BF}.Debug|Any CPU.ActiveCfg = Debug|Any CPU
		{BE306B0F-53D3-4621-A14B-8442AEC514BF}.Debug|Any CPU.Build.0 = Debug|Any CPU
		{BE306B0F-53D3-4621-A14B-8442AEC514BF}.Release|Any CPU.ActiveCfg = Release|Any CPU
		{BE306B0F-53D3-4621-A14B-8442AEC514BF}.Release|Any CPU.Build.0 = Release|Any CPU
		{B87B1DE3-6C31-44F7-83A9-B72E5E9BC4B7}.Debug|Any CPU.ActiveCfg = Debug|Any CPU
		{B87B1DE3-6C31-44F7-83A9-B72E5E9BC4B7}.Debug|Any CPU.Build.0 = Debug|Any CPU
		{B87B1DE3-6C31-44F7-83A9-B72E5E9BC4B7}.Release|Any CPU.ActiveCfg = Release|Any CPU
		{B87B1DE3-6C31-44F7-83A9-B72E5E9BC4B7}.Release|Any CPU.Build.0 = Release|Any CPU
		{D8ABDBD2-943B-434E-B27B-83D44ACC8857}.Debug|Any CPU.ActiveCfg = Debug|Any CPU
		{D8ABDBD2-943B-434E-B27B-83D44ACC8857}.Debug|Any CPU.Build.0 = Debug|Any CPU
		{D8ABDBD2-943B-434E-B27B-83D44ACC8857}.Release|Any CPU.ActiveCfg = Release|Any CPU
		{D8ABDBD2-943B-434E-B27B-83D44ACC8857}.Release|Any CPU.Build.0 = Release|Any CPU
	EndGlobalSection
	GlobalSection(SolutionProperties) = preSolution
		HideSolutionNode = FALSE
	EndGlobalSection
	GlobalSection(ExtensibilityGlobals) = postSolution
		SolutionGuid = {9A806673-6523-42D5-B869-2193E2554969}
	EndGlobalSection
EndGlobal
